{
    "_meta": {
        "hash": {
            "sha256": "24f62cae127103700c35ed821d9549024106eb1cfcdc60ea83f4a94b1ed250f9"
        },
        "pipfile-spec": 6,
        "requires": {
            "python_version": "2.7"
        },
        "sources": [
            {
                "name": "pypi",
                "url": "https://pypi.org/simple",
                "verify_ssl": true
            }
        ]
    },
    "default": {
        "boto3": {
            "hashes": [
                "sha256:25a76b7b530a124d9e526c62ff2b7da5782315195badb9a6273714898d689820",
                "sha256:cc40566dec3f48611a82ace07b29489848e9bd35a51e3e992d1902a3c037e9fc"
            ],
            "index": "pypi",
            "version": "==1.21.0"
        },
        "botocore": {
            "hashes": [
                "sha256:2bf4463513bd89817aa5d7341ed81c7c76d906e6c70672c8762d64ecf3275771",
                "sha256:47723cef6112f451630bf2446cfd6be2782cc1d6b1b92acb12ff00797588c5f3"
            ],
            "markers": "python_version >= '3.6'",
            "version": "==1.24.0"
        },
        "jmespath": {
            "hashes": [
                "sha256:b85d0567b8666149a93172712e68920734333c0ce7e89b78b3e987f71e5ed4f9",
                "sha256:cdf6525904cc597730141d61b36f2e4b8ecc257c420fa2f4549bac2c2d0cb72f"
            ],
            "markers": "python_version >= '2.6' and python_version not in '3.0, 3.1, 3.2, 3.3'",
            "version": "==0.10.0"
        },
        "python-dateutil": {
            "hashes": [
                "sha256:0123cacc1627ae19ddf3c27a5de5bd67ee4586fbdd6440d9748f8abb483d3e86",
                "sha256:961d03dc3453ebbc59dbdea9e4e11c5651520a876d0f4db161e8674aae935da9"
            ],
            "markers": "python_version >= '2.7' and python_version not in '3.0, 3.1, 3.2, 3.3'",
            "version": "==2.8.2"
        },
        "pytz": {
            "hashes": [
                "sha256:83a4a90894bf38e243cf052c8b58f381bfe9a7a483f6a9cab140bc7f702ac4da",
                "sha256:eb10ce3e7736052ed3623d49975ce333bcd712c7bb19a58b9e2089d4057d0798"
            ],
            "index": "pypi",
            "version": "==2021.1"
        },
        "s3transfer": {
            "hashes": [
                "sha256:25c140f5c66aa79e1ac60be50dcd45ddc59e83895f062a3aab263b870102911f",
                "sha256:69d264d3e760e569b78aaa0f22c97e955891cd22e32b10c51f784eeda4d9d10a"
            ],
            "markers": "python_version >= '3.6'",
            "version": "==0.5.1"
        },
        "six": {
            "hashes": [
                "sha256:1e61c37477a1626458e36f7b1d82aa5c9b094fa4802892072e49de9c60c4c926",
                "sha256:8abb2f1d86890a2dfb989f9a77cfcfd3e47c2a354b01111771326f8aa26e0254"
            ],
            "markers": "python_version >= '2.7' and python_version not in '3.0, 3.1, 3.2, 3.3'",
            "version": "==1.16.0"
        },
        "urllib3": {
            "hashes": [
                "sha256:000ca7f471a233c2251c6c7023ee85305721bfdf18621ebff4fd17a8653427ed",
                "sha256:0e7c33d9a63e7ddfcb86780aac87befc2fbddf46c58dbb487e0855f7ceec283c"
            ],
            "markers": "python_version >= '2.7' and python_version not in '3.0, 3.1, 3.2, 3.3, 3.4' and python_version < '4'",
            "version": "==1.26.8"
        }
    },
    "develop": {}
}
